name: Requirements Lock Verification

# Enforces supply-chain integrity by requiring:
#   1. requirements.in has been compiled to requirements-locked.txt
#   2. the lock file contains hashes for every resolved dependency
#   3. `pip install --require-hashes` can resolve the committed artifact
#
# requirements-locked.txt declares Python 3.11 as its canonical compiler.
# Regenerating it under a different interpreter changes environment markers and
# can produce a false out-of-sync failure even when requirements.in is unchanged.

on:
  push:
    branches: [main]
    paths:
      - "requirements.in"
      - "requirements-locked.txt"
      - "scripts/lock-requirements.*"
      - ".github/workflows/requirements-lock.yml"
  pull_request:
    paths:
      - "requirements.in"
      - "requirements-locked.txt"
      - "scripts/lock-requirements.*"
      - ".github/workflows/requirements-lock.yml"

permissions:
  contents: read

jobs:
  verify-lock:
    name: Lockfile in sync and installable
    runs-on: ubuntu-latest
    timeout-minutes: 20
    steps:
      - uses: actions/checkout@9c091bb21b7c1c1d1991bb908d89e4e9dddfe3e0 # v7.0.0

      - name: Set up canonical Python 3.11
        uses: actions/setup-python@ece7cb06caefa5fff74198d8649806c4678c61a1 # v6.3.0
        with:
          python-version: "3.11"

      - name: Install pip-tools
        run: |
          python -m pip install --upgrade pip
          python -m pip install pip-tools

      - name: Verify lockfile contains hashes
        run: |
          if ! grep -q -- "--hash=sha256:" requirements-locked.txt; then
            echo "::error::requirements-locked.txt contains no --hash= entries."
            echo "::error::Run scripts/lock-requirements.sh and commit the result."
            exit 1
          fi

      - name: Verify lockfile is in sync with requirements.in
        run: |
          cp requirements-locked.txt /tmp/old-lock.txt
          pip-compile \
            --generate-hashes \
            --resolver=backtracking \
            --output-file=requirements-locked.txt \
            requirements.in
          if ! diff -q /tmp/old-lock.txt requirements-locked.txt > /dev/null; then
            echo "::error::requirements-locked.txt is OUT OF SYNC with requirements.in."
            echo "::error::Run scripts/lock-requirements.sh with Python 3.11 and commit the regenerated file."
            diff /tmp/old-lock.txt requirements-locked.txt | head -60 || true
            exit 1
          fi

      - name: Dry-run --require-hashes install
        run: |
          python -m pip install --dry-run --require-hashes \
            -r requirements-locked.txt || {
              echo "::warning::Full --require-hashes install failed on Linux."
              echo "::warning::Windows CI enforces the complete runtime installation path."
              exit 0
            }
